// !$*UTF8*$!
{
	archiveVersion = 1;
	classes = {
	};
	objectVersion = 56;
	objects = {

/* Begin PBXBuildFile section */
		A01 /* ActivityTrackerApp.swift in Sources */ = {isa = PBXBuildFile; fileRef = F01; };
		A02 /* ContentView.swift in Sources */ = {isa = PBXBuildFile; fileRef = F02; };
		A03 /* Assets.xcassets in Resources */ = {isa = PBXBuildFile; fileRef = F03; };
		A04 /* AppTracker.swift in Sources */ = {isa = PBXBuildFile; fileRef = F04; };
		A05 /* IdleDetector.swift in Sources */ = {isa = PBXBuildFile; fileRef = F05; };
		A06 /* DataStore.swift in Sources */ = {isa = PBXBuildFile; fileRef = F06; };
		A07 /* ExportManager.swift in Sources */ = {isa = PBXBuildFile; fileRef = F07; };
		A08 /* StatisticsManager.swift in Sources */ = {isa = PBXBuildFile; fileRef = F08; };
		A09 /* DailySummary.swift in Sources */ = {isa = PBXBuildFile; fileRef = F09; };
		A10 /* AppSegment.swift in Sources */ = {isa = PBXBuildFile; fileRef = F10; };
		A11 /* ProjectAndLabel.swift in Sources */ = {isa = PBXBuildFile; fileRef = F11; };
		A12 /* ActivityModels.swift in Sources */ = {isa = PBXBuildFile; fileRef = F12; };
		A13 /* AppStatistics.swift in Sources */ = {isa = PBXBuildFile; fileRef = F13; };
		A14 /* TrackerSettings.swift in Sources */ = {isa = PBXBuildFile; fileRef = F14; };
		A15 /* HeatmapData.swift in Sources */ = {isa = PBXBuildFile; fileRef = F15; };
		A16 /* Helpers.swift in Sources */ = {isa = PBXBuildFile; fileRef = F16; };
		A17 /* ActivityLabeler.swift in Sources */ = {isa = PBXBuildFile; fileRef = F17; };
		A18 /* ProjectDetector.swift in Sources */ = {isa = PBXBuildFile; fileRef = F18; };
		A19 /* EngagementTracker.swift in Sources */ = {isa = PBXBuildFile; fileRef = F19; };
		A20 /* MeetingDetector.swift in Sources */ = {isa = PBXBuildFile; fileRef = F20; };
		A21 /* GoalManager.swift in Sources */ = {isa = PBXBuildFile; fileRef = F21; };
		A22 /* FocusSessionManager.swift in Sources */ = {isa = PBXBuildFile; fileRef = F22; };
		A23 /* DataRedactor.swift in Sources */ = {isa = PBXBuildFile; fileRef = F23; };
		A24 /* BookmarkManager.swift in Sources */ = {isa = PBXBuildFile; fileRef = F24; };
		A25 /* SwitchAnalyzer.swift in Sources */ = {isa = PBXBuildFile; fileRef = F25; };
		A26 /* DashboardView.swift in Sources */ = {isa = PBXBuildFile; fileRef = F26; };
		A27 /* SettingsView.swift in Sources */ = {isa = PBXBuildFile; fileRef = F27; };
		A28 /* StatCard.swift in Sources */ = {isa = PBXBuildFile; fileRef = F28; };
		A29 /* AppRankRow.swift in Sources */ = {isa = PBXBuildFile; fileRef = F29; };
		A30 /* TimelineRow.swift in Sources */ = {isa = PBXBuildFile; fileRef = F30; };
		A31 /* BookmarkComponents.swift in Sources */ = {isa = PBXBuildFile; fileRef = F31; };
		A32 /* TooltipView.swift in Sources */ = {isa = PBXBuildFile; fileRef = F34; };
		TA01 /* ModelsTests.swift in Sources */ = {isa = PBXBuildFile; fileRef = TF01; };
		TA02 /* HelpersTests.swift in Sources */ = {isa = PBXBuildFile; fileRef = TF02; };
		TA03 /* FeaturesTests.swift in Sources */ = {isa = PBXBuildFile; fileRef = TF03; };
		TA04 /* DataStoreTests.swift in Sources */ = {isa = PBXBuildFile; fileRef = TF04; };
/* End PBXBuildFile section */

/* Begin PBXContainerItemProxy section */
		TCI01 /* PBXContainerItemProxy */ = {
			isa = PBXContainerItemProxy;
			containerPortal = R01 /* Project object */;
			proxyType = 1;
			remoteGlobalIDString = T01;
			remoteInfo = ActivityTracker;
		};
/* End PBXContainerItemProxy section */

/* Begin PBXFileReference section */
		F00 /* ActivityTracker.app */ = {isa = PBXFileReference; explicitFileType = wrapper.application; includeInIndex = 0; path = ActivityTracker.app; sourceTree = BUILT_PRODUCTS_DIR; };
		F01 /* ActivityTrackerApp.swift */ = {isa = PBXFileReference; lastKnownFileType = sourcecode.swift; path = ActivityTrackerApp.swift; sourceTree = "<group>"; };
		F02 /* ContentView.swift */ = {isa = PBXFileReference; lastKnownFileType = sourcecode.swift; path = ContentView.swift; sourceTree = "<group>"; };
		F03 /* Assets.xcassets */ = {isa = PBXFileReference; lastKnownFileType = folder.assetcatalog; path = Assets.xcassets; sourceTree = "<group>"; };
		F04 /* AppTracker.swift */ = {isa = PBXFileReference; lastKnownFileType = sourcecode.swift; path = AppTracker.swift; sourceTree = "<group>"; };
		F05 /* IdleDetector.swift */ = {isa = PBXFileReference; lastKnownFileType = sourcecode.swift; path = IdleDetector.swift; sourceTree = "<group>"; };
		F06 /* DataStore.swift */ = {isa = PBXFileReference; lastKnownFileType = sourcecode.swift; path = DataStore.swift; sourceTree = "<group>"; };
		F07 /* ExportManager.swift */ = {isa = PBXFileReference; lastKnownFileType = sourcecode.swift; path = ExportManager.swift; sourceTree = "<group>"; };
		F08 /* StatisticsManager.swift */ = {isa = PBXFileReference; lastKnownFileType = sourcecode.swift; path = StatisticsManager.swift; sourceTree = "<group>"; };
		F09 /* DailySummary.swift */ = {isa = PBXFileReference; lastKnownFileType = sourcecode.swift; path = DailySummary.swift; sourceTree = "<group>"; };
		F10 /* AppSegment.swift */ = {isa = PBXFileReference; lastKnownFileType = sourcecode.swift; path = AppSegment.swift; sourceTree = "<group>"; };
		F11 /* ProjectAndLabel.swift */ = {isa = PBXFileReference; lastKnownFileType = sourcecode.swift; path = ProjectAndLabel.swift; sourceTree = "<group>"; };
		F12 /* ActivityModels.swift */ = {isa = PBXFileReference; lastKnownFileType = sourcecode.swift; path = ActivityModels.swift; sourceTree = "<group>"; };
		F13 /* AppStatistics.swift */ = {isa = PBXFileReference; lastKnownFileType = sourcecode.swift; path = AppStatistics.swift; sourceTree = "<group>"; };
		F14 /* TrackerSettings.swift */ = {isa = PBXFileReference; lastKnownFileType = sourcecode.swift; path = TrackerSettings.swift; sourceTree = "<group>"; };
		F15 /* HeatmapData.swift */ = {isa = PBXFileReference; lastKnownFileType = sourcecode.swift; path = HeatmapData.swift; sourceTree = "<group>"; };
		F16 /* Helpers.swift */ = {isa = PBXFileReference; lastKnownFileType = sourcecode.swift; path = Helpers.swift; sourceTree = "<group>"; };
		F17 /* ActivityLabeler.swift */ = {isa = PBXFileReference; lastKnownFileType = sourcecode.swift; path = ActivityLabeler.swift; sourceTree = "<group>"; };
		F18 /* ProjectDetector.swift */ = {isa = PBXFileReference; lastKnownFileType = sourcecode.swift; path = ProjectDetector.swift; sourceTree = "<group>"; };
		F19 /* EngagementTracker.swift */ = {isa = PBXFileReference; lastKnownFileType = sourcecode.swift; path = EngagementTracker.swift; sourceTree = "<group>"; };
		F20 /* MeetingDetector.swift */ = {isa = PBXFileReference; lastKnownFileType = sourcecode.swift; path = MeetingDetector.swift; sourceTree = "<group>"; };
		F21 /* GoalManager.swift */ = {isa = PBXFileReference; lastKnownFileType = sourcecode.swift; path = GoalManager.swift; sourceTree = "<group>"; };
		F22 /* FocusSessionManager.swift */ = {isa = PBXFileReference; lastKnownFileType = sourcecode.swift; path = FocusSessionManager.swift; sourceTree = "<group>"; };
		F23 /* DataRedactor.swift */ = {isa = PBXFileReference; lastKnownFileType = sourcecode.swift; path = DataRedactor.swift; sourceTree = "<group>"; };
		F24 /* BookmarkManager.swift */ = {isa = PBXFileReference; lastKnownFileType = sourcecode.swift; path = BookmarkManager.swift; sourceTree = "<group>"; };
		F25 /* SwitchAnalyzer.swift */ = {isa = PBXFileReference; lastKnownFileType = sourcecode.swift; path = SwitchAnalyzer.swift; sourceTree = "<group>"; };
		F26 /* DashboardView.swift */ = {isa = PBXFileReference; lastKnownFileType = sourcecode.swift; path = DashboardView.swift; sourceTree = "<group>"; };
		F27 /* SettingsView.swift */ = {isa = PBXFileReference; lastKnownFileType = sourcecode.swift; path = SettingsView.swift; sourceTree = "<group>"; };
		F28 /* StatCard.swift */ = {isa = PBXFileReference; lastKnownFileType = sourcecode.swift; path = StatCard.swift; sourceTree = "<group>"; };
		F29 /* AppRankRow.swift */ = {isa = PBXFileReference; lastKnownFileType = sourcecode.swift; path = AppRankRow.swift; sourceTree = "<group>"; };
		F30 /* TimelineRow.swift */ = {isa = PBXFileReference; lastKnownFileType = sourcecode.swift; path = TimelineRow.swift; sourceTree = "<group>"; };
		F31 /* BookmarkComponents.swift */ = {isa = PBXFileReference; lastKnownFileType = sourcecode.swift; path = BookmarkComponents.swift; sourceTree = "<group>"; };
		F32 /* ActivityTracker.entitlements */ = {isa = PBXFileReference; lastKnownFileType = text.plist.entitlements; path = ActivityTracker.entitlements; sourceTree = "<group>"; };
		F33 /* Info.plist */ = {isa = PBXFileReference; lastKnownFileType = text.plist.xml; path = Info.plist; sourceTree = "<group>"; };
		F34 /* TooltipView.swift */ = {isa = PBXFileReference; lastKnownFileType = sourcecode.swift; path = TooltipView.swift; sourceTree = "<group>"; };
		TF00 /* ActivityTrackerTests.xctest */ = {isa = PBXFileReference; explicitFileType = wrapper.cfbundle; includeInIndex = 0; path = ActivityTrackerTests.xctest; sourceTree = BUILT_PRODUCTS_DIR; };
		TF01 /* ModelsTests.swift */ = {isa = PBXFileReference; lastKnownFileType = sourcecode.swift; path = ModelsTests.swift; sourceTree = "<group>"; };
		TF02 /* HelpersTests.swift */ = {isa = PBXFileReference; lastKnownFileType = sourcecode.swift; path = HelpersTests.swift; sourceTree = "<group>"; };
		TF03 /* FeaturesTests.swift */ = {isa = PBXFileReference; lastKnownFileType = sourcecode.swift; path = FeaturesTests.swift; sourceTree = "<group>"; };
		TF04 /* DataStoreTests.swift */ = {isa = PBXFileReference; lastKnownFileType = sourcecode.swift; path = DataStoreTests.swift; sourceTree = "<group>"; };
/* End PBXFileReference section */

/* Begin PBXFrameworksBuildPhase section */
		G01 /* Frameworks */ = {
			isa = PBXFrameworksBuildPhase;
			buildActionMask = 2147483647;
			files = (
			);
			runOnlyForDeploymentPostprocessing = 0;
		};
		TG01 /* Frameworks */ = {
			isa = PBXFrameworksBuildPhase;
			buildActionMask = 2147483647;
			files = (
			);
			runOnlyForDeploymentPostprocessing = 0;
		};
/* End PBXFrameworksBuildPhase section */

/* Begin PBXGroup section */
		H00 = {
			isa = PBXGroup;
			children = (
				H01 /* ActivityTracker */,
				TH01 /* ActivityTrackerTests */,
				H02 /* Products */,
			);
			sourceTree = "<group>";
		};
		H01 /* ActivityTracker */ = {
			isa = PBXGroup;
			children = (
				H03 /* App */,
				H04 /* Core */,
				H05 /* Models */,
				H06 /* Features */,
				H07 /* Views */,
				H08 /* Utils */,
				F03 /* Assets.xcassets */,
				F32 /* ActivityTracker.entitlements */,
				F33 /* Info.plist */,
			);
			path = ActivityTracker;
			sourceTree = "<group>";
		};
		H02 /* Products */ = {
			isa = PBXGroup;
			children = (
				F00 /* ActivityTracker.app */,
				TF00 /* ActivityTrackerTests.xctest */,
			);
			name = Products;
			sourceTree = "<group>";
		};
		H03 /* App */ = {
			isa = PBXGroup;
			children = (
				F01 /* ActivityTrackerApp.swift */,
				F02 /* ContentView.swift */,
			);
			path = App;
			sourceTree = "<group>";
		};
		H04 /* Core */ = {
			isa = PBXGroup;
			children = (
				F04 /* AppTracker.swift */,
				F05 /* IdleDetector.swift */,
				F06 /* DataStore.swift */,
				F07 /* ExportManager.swift */,
				F08 /* StatisticsManager.swift */,
			);
			path = Core;
			sourceTree = "<group>";
		};
		H05 /* Models */ = {
			isa = PBXGroup;
			children = (
				F09 /* DailySummary.swift */,
				F10 /* AppSegment.swift */,
				F11 /* ProjectAndLabel.swift */,
				F12 /* ActivityModels.swift */,
				F13 /* AppStatistics.swift */,
				F14 /* TrackerSettings.swift */,
				F15 /* HeatmapData.swift */,
			);
			path = Models;
			sourceTree = "<group>";
		};
		H06 /* Features */ = {
			isa = PBXGroup;
			children = (
				F17 /* ActivityLabeler.swift */,
				F18 /* ProjectDetector.swift */,
				F19 /* EngagementTracker.swift */,
				F20 /* MeetingDetector.swift */,
				F21 /* GoalManager.swift */,
				F22 /* FocusSessionManager.swift */,
				F23 /* DataRedactor.swift */,
				F24 /* BookmarkManager.swift */,
				F25 /* SwitchAnalyzer.swift */,
			);
			path = Features;
			sourceTree = "<group>";
		};
		H07 /* Views */ = {
			isa = PBXGroup;
			children = (
				F26 /* DashboardView.swift */,
				F27 /* SettingsView.swift */,
				H09 /* Components */,
			);
			path = Views;
			sourceTree = "<group>";
		};
		H08 /* Utils */ = {
			isa = PBXGroup;
			children = (
				F16 /* Helpers.swift */,
			);
			path = Utils;
			sourceTree = "<group>";
		};
		H09 /* Components */ = {
			isa = PBXGroup;
			children = (
				F28 /* StatCard.swift */,
				F29 /* AppRankRow.swift */,
				F30 /* TimelineRow.swift */,
				F31 /* BookmarkComponents.swift */,
				F34 /* TooltipView.swift */,
			);
			path = Components;
			sourceTree = "<group>";
		};
		TH01 /* ActivityTrackerTests */ = {
			isa = PBXGroup;
			children = (
				TF01 /* ModelsTests.swift */,
				TF02 /* HelpersTests.swift */,
				TF03 /* FeaturesTests.swift */,
				TF04 /* DataStoreTests.swift */,
			);
			path = ActivityTrackerTests;
			sourceTree = "<group>";
		};
/* End PBXGroup section */

/* Begin PBXNativeTarget section */
		T01 /* ActivityTracker */ = {
			isa = PBXNativeTarget;
			buildConfigurationList = C01;
			buildPhases = (
				P01 /* Sources */,
				G01 /* Frameworks */,
				P02 /* Resources */,
			);
			buildRules = (
			);
			dependencies = (
			);
			name = ActivityTracker;
			productName = ActivityTracker;
			productReference = F00 /* ActivityTracker.app */;
			productType = "com.apple.product-type.application";
		};
		T02 /* ActivityTrackerTests */ = {
			isa = PBXNativeTarget;
			buildConfigurationList = TC01;
			buildPhases = (
				TP01 /* Sources */,
				TG01 /* Frameworks */,
				TP02 /* Resources */,
			);
			buildRules = (
			);
			dependencies = (
				TD01 /* PBXTargetDependency */,
			);
			name = ActivityTrackerTests;
			productName = ActivityTrackerTests;
			productReference = TF00 /* ActivityTrackerTests.xctest */;
			productType = "com.apple.product-type.bundle.unit-test";
		};
/* End PBXNativeTarget section */

/* Begin PBXProject section */
		R01 /* Project object */ = {
			isa = PBXProject;
			attributes = {
				BuildIndependentTargetsInParallel = 1;
				LastSwiftUpdateCheck = 1500;
				LastUpgradeCheck = 1500;
				TargetAttributes = {
					T01 = {
						CreatedOnToolsVersion = 15.0;
					};
					T02 = {
						CreatedOnToolsVersion = 15.0;
						TestTargetID = T01;
					};
				};
			};
			buildConfigurationList = C02;
			compatibilityVersion = "Xcode 14.0";
			developmentRegion = en;
			hasScannedForEncodings = 0;
			knownRegions = (
				en,
				Base,
			);
			mainGroup = H00;
			productRefGroup = H02 /* Products */;
			projectDirPath = "";
			projectRoot = "";
			targets = (
				T01 /* ActivityTracker */,
				T02 /* ActivityTrackerTests */,
			);
		};
/* End PBXProject section */

/* Begin PBXResourcesBuildPhase section */
		P02 /* Resources */ = {
			isa = PBXResourcesBuildPhase;
			buildActionMask = 2147483647;
			files = (
				A03 /* Assets.xcassets in Resources */,
			);
			runOnlyForDeploymentPostprocessing = 0;
		};
		TP02 /* Resources */ = {
			isa = PBXResourcesBuildPhase;
			buildActionMask = 2147483647;
			files = (
			);
			runOnlyForDeploymentPostprocessing = 0;
		};
/* End PBXResourcesBuildPhase section */

/* Begin PBXSourcesBuildPhase section */
		P01 /* Sources */ = {
			isa = PBXSourcesBuildPhase;
			buildActionMask = 2147483647;
			files = (
				A01 /* ActivityTrackerApp.swift in Sources */,
				A02 /* ContentView.swift in Sources */,
				A04 /* AppTracker.swift in Sources */,
				A05 /* IdleDetector.swift in Sources */,
				A06 /* DataStore.swift in Sources */,
				A07 /* ExportManager.swift in Sources */,
				A08 /* StatisticsManager.swift in Sources */,
				A09 /* DailySummary.swift in Sources */,
				A10 /* AppSegment.swift in Sources */,
				A11 /* ProjectAndLabel.swift in Sources */,
				A12 /* ActivityModels.swift in Sources */,
				A13 /* AppStatistics.swift in Sources */,
				A14 /* TrackerSettings.swift in Sources */,
				A15 /* HeatmapData.swift in Sources */,
				A16 /* Helpers.swift in Sources */,
				A17 /* ActivityLabeler.swift in Sources */,
				A18 /* ProjectDetector.swift in Sources */,
				A19 /* EngagementTracker.swift in Sources */,
				A20 /* MeetingDetector.swift in Sources */,
				A21 /* GoalManager.swift in Sources */,
				A22 /* FocusSessionManager.swift in Sources */,
				A23 /* DataRedactor.swift in Sources */,
				A24 /* BookmarkManager.swift in Sources */,
				A25 /* SwitchAnalyzer.swift in Sources */,
				A26 /* DashboardView.swift in Sources */,
				A27 /* SettingsView.swift in Sources */,
				A28 /* StatCard.swift in Sources */,
				A29 /* AppRankRow.swift in Sources */,
				A30 /* TimelineRow.swift in Sources */,
				A31 /* BookmarkComponents.swift in Sources */,
				A32 /* TooltipView.swift in Sources */,
			);
			runOnlyForDeploymentPostprocessing = 0;
		};
		TP01 /* Sources */ = {
			isa = PBXSourcesBuildPhase;
			buildActionMask = 2147483647;
			files = (
				TA01 /* ModelsTests.swift in Sources */,
				TA02 /* HelpersTests.swift in Sources */,
				TA03 /* FeaturesTests.swift in Sources */,
				TA04 /* DataStoreTests.swift in Sources */,
			);
			runOnlyForDeploymentPostprocessing = 0;
		};
/* End PBXSourcesBuildPhase section */

/* Begin PBXTargetDependency section */
		TD01 /* PBXTargetDependency */ = {
			isa = PBXTargetDependency;
			target = T01 /* ActivityTracker */;
			targetProxy = TCI01 /* PBXContainerItemProxy */;
		};
/* End PBXTargetDependency section */

/* Begin XCBuildConfiguration section */
		B01 /* Debug */ = {
			isa = XCBuildConfiguration;
			buildSettings = {
				ALWAYS_SEARCH_USER_PATHS = NO;
				ASSETCATALOG_COMPILER_GENERATE_SWIFT_ASSET_SYMBOL_EXTENSIONS = YES;
				CLANG_ANALYZER_NONNULL = YES;
				CLANG_ANALYZER_NUMBER_OBJECT_CONVERSION = YES_AGGRESSIVE;
				CLANG_CXX_LANGUAGE_STANDARD = "gnu++20";
				CLANG_ENABLE_MODULES = YES;
				CLANG_ENABLE_OBJC_ARC = YES;
				CLANG_ENABLE_OBJC_WEAK = YES;
				CLANG_WARN_BLOCK_CAPTURE_AUTORELEASING = YES;
				CLANG_WARN_BOOL_CONVERSION = YES;
				CLANG_WARN_COMMA = YES;
				CLANG_WARN_CONSTANT_CONVERSION = YES;
				CLANG_WARN_DEPRECATED_OBJC_IMPLEMENTATIONS = YES;
				CLANG_WARN_DIRECT_OBJC_ISA_USAGE = YES_ERROR;
				CLANG_WARN_DOCUMENTATION_COMMENTS = YES;
				CLANG_WARN_EMPTY_BODY = YES;
				CLANG_WARN_ENUM_CONVERSION = YES;
				CLANG_WARN_INFINITE_RECURSION = YES;
				CLANG_WARN_INT_CONVERSION = YES;
				CLANG_WARN_NON_LITERAL_NULL_CONVERSION = YES;
				CLANG_WARN_OBJC_IMPLICIT_RETAIN_SELF = YES;
				CLANG_WARN_OBJC_LITERAL_CONVERSION = YES;
				CLANG_WARN_OBJC_ROOT_CLASS = YES_ERROR;
				CLANG_WARN_QUOTED_INCLUDE_IN_FRAMEWORK_HEADER = YES;
				CLANG_WARN_RANGE_LOOP_ANALYSIS = YES;
				CLANG_WARN_STRICT_PROTOTYPES = YES;
				CLANG_WARN_SUSPICIOUS_MOVE = YES;
				CLANG_WARN_UNGUARDED_AVAILABILITY = YES_AGGRESSIVE;
				CLANG_WARN_UNREACHABLE_CODE = YES;
				CLANG_WARN__DUPLICATE_METHOD_MATCH = YES;
				COPY_PHASE_STRIP = NO;
				DEBUG_INFORMATION_FORMAT = dwarf;
				ENABLE_STRICT_OBJC_MSGSEND = YES;
				ENABLE_TESTABILITY = YES;
				ENABLE_USER_SCRIPT_SANDBOXING = YES;
				GCC_C_LANGUAGE_STANDARD = gnu17;
				GCC_DYNAMIC_NO_PIC = NO;
				GCC_NO_COMMON_BLOCKS = YES;
				GCC_OPTIMIZATION_LEVEL = 0;
				GCC_PREPROCESSOR_DEFINITIONS = (
					"DEBUG=1",
					"$(inherited)",
				);
				GCC_WARN_64_TO_32_BIT_CONVERSION = YES;
				GCC_WARN_ABOUT_RETURN_TYPE = YES_ERROR;
				GCC_WARN_UNDECLARED_SELECTOR = YES;
				GCC_WARN_UNINITIALIZED_AUTOS = YES_AGGRESSIVE;
				GCC_WARN_UNUSED_FUNCTION = YES;
				GCC_WARN_UNUSED_VARIABLE = YES;
				MACOSX_DEPLOYMENT_TARGET = 13.0;
				MTL_ENABLE_DEBUG_INFO = INCLUDE_SOURCE;
				MTL_FAST_MATH = YES;
				ONLY_ACTIVE_ARCH = YES;
				SDKROOT = macosx;
				SWIFT_ACTIVE_COMPILATION_CONDITIONS = "DEBUG $(inherited)";
				SWIFT_OPTIMIZATION_LEVEL = "-Onone";
			};
			name = Debug;
		};
		B02 /* Release */ = {
			isa = XCBuildConfiguration;
			buildSettings = {
				ALWAYS_SEARCH_USER_PATHS = NO;
				ASSETCATALOG_COMPILER_GENERATE_SWIFT_ASSET_SYMBOL_EXTENSIONS = YES;
				CLANG_ANALYZER_NONNULL = YES;
				CLANG_ANALYZER_NUMBER_OBJECT_CONVERSION = YES_AGGRESSIVE;
				CLANG_CXX_LANGUAGE_STANDARD = "gnu++20";
				CLANG_ENABLE_MODULES = YES;
				CLANG_ENABLE_OBJC_ARC = YES;
				CLANG_ENABLE_OBJC_WEAK = YES;
				CLANG_WARN_BLOCK_CAPTURE_AUTORELEASING = YES;
				CLANG_WARN_BOOL_CONVERSION = YES;
				CLANG_WARN_COMMA = YES;
				CLANG_WARN_CONSTANT_CONVERSION = YES;
				CLANG_WARN_DEPRECATED_OBJC_IMPLEMENTATIONS = YES;
				CLANG_WARN_DIRECT_OBJC_ISA_USAGE = YES_ERROR;
				CLANG_WARN_DOCUMENTATION_COMMENTS = YES;
				CLANG_WARN_EMPTY_BODY = YES;
				CLANG_WARN_ENUM_CONVERSION = YES;
				CLANG_WARN_INFINITE_RECURSION = YES;
				CLANG_WARN_INT_CONVERSION = YES;
				CLANG_WARN_NON_LITERAL_NULL_CONVERSION = YES;
				CLANG_WARN_OBJC_IMPLICIT_RETAIN_SELF = YES;
				CLANG_WARN_OBJC_LITERAL_CONVERSION = YES;
				CLANG_WARN_OBJC_ROOT_CLASS = YES_ERROR;
				CLANG_WARN_QUOTED_INCLUDE_IN_FRAMEWORK_HEADER = YES;
				CLANG_WARN_RANGE_LOOP_ANALYSIS = YES;
				CLANG_WARN_STRICT_PROTOTYPES = YES;
				CLANG_WARN_SUSPICIOUS_MOVE = YES;
				CLANG_WARN_UNGUARDED_AVAILABILITY = YES_AGGRESSIVE;
				CLANG_WARN_UNREACHABLE_CODE = YES;
				CLANG_WARN__DUPLICATE_METHOD_MATCH = YES;
				COPY_PHASE_STRIP = NO;
				DEBUG_INFORMATION_FORMAT = "dwarf-with-dsym";
				ENABLE_NS_ASSERTIONS = NO;
				ENABLE_STRICT_OBJC_MSGSEND = YES;
				ENABLE_USER_SCRIPT_SANDBOXING = YES;
				GCC_C_LANGUAGE_STANDARD = gnu17;
				GCC_NO_COMMON_BLOCKS = YES;
				GCC_WARN_64_TO_32_BIT_CONVERSION = YES;
				GCC_WARN_ABOUT_RETURN_TYPE = YES_ERROR;
				GCC_WARN_UNDECLARED_SELECTOR = YES;
				GCC_WARN_UNINITIALIZED_AUTOS = YES_AGGRESSIVE;
				GCC_WARN_UNUSED_FUNCTION = YES;
				GCC_WARN_UNUSED_VARIABLE = YES;
				MACOSX_DEPLOYMENT_TARGET = 13.0;
				MTL_ENABLE_DEBUG_INFO = NO;
				MTL_FAST_MATH = YES;
				SDKROOT = macosx;
				SWIFT_COMPILATION_MODE = wholemodule;
			};
			name = Release;
		};
		B03 /* Debug */ = {
			isa = XCBuildConfiguration;
			buildSettings = {
				ASSETCATALOG_COMPILER_APPICON_NAME = AppIcon;
				ASSETCATALOG_COMPILER_GLOBAL_ACCENT_COLOR_NAME = AccentColor;
				CODE_SIGN_ENTITLEMENTS = ActivityTracker/ActivityTracker.entitlements;
				CODE_SIGN_STYLE = Automatic;
				COMBINE_HIDPI_IMAGES = YES;
				CURRENT_PROJECT_VERSION = 1;
				DEVELOPMENT_ASSET_PATHS = "";
				ENABLE_HARDENED_RUNTIME = YES;
				ENABLE_PREVIEWS = YES;
				GENERATE_INFOPLIST_FILE = NO;
				INFOPLIST_FILE = ActivityTracker/Info.plist;
				INFOPLIST_KEY_LSApplicationCategoryType = "public.app-category.productivity";
				INFOPLIST_KEY_LSUIElement = YES;
				INFOPLIST_KEY_NSHumanReadableCopyright = "";
				LD_RUNPATH_SEARCH_PATHS = (
					"$(inherited)",
					"@executable_path/../Frameworks",
				);
				MARKETING_VERSION = 1.0;
				PRODUCT_BUNDLE_IDENTIFIER = com.activitytracker.app;
				PRODUCT_NAME = "$(TARGET_NAME)";
				SWIFT_EMIT_LOC_STRINGS = YES;
				SWIFT_VERSION = 5.0;
			};
			name = Debug;
		};
		B04 /* Release */ = {
			isa = XCBuildConfiguration;
			buildSettings = {
				ASSETCATALOG_COMPILER_APPICON_NAME = AppIcon;
				ASSETCATALOG_COMPILER_GLOBAL_ACCENT_COLOR_NAME = AccentColor;
				CODE_SIGN_ENTITLEMENTS = ActivityTracker/ActivityTracker.entitlements;
				CODE_SIGN_STYLE = Automatic;
				COMBINE_HIDPI_IMAGES = YES;
				CURRENT_PROJECT_VERSION = 1;
				DEVELOPMENT_ASSET_PATHS = "";
				ENABLE_HARDENED_RUNTIME = YES;
				ENABLE_PREVIEWS = YES;
				GENERATE_INFOPLIST_FILE = NO;
				INFOPLIST_FILE = ActivityTracker/Info.plist;
				INFOPLIST_KEY_LSApplicationCategoryType = "public.app-category.productivity";
				INFOPLIST_KEY_LSUIElement = YES;
				INFOPLIST_KEY_NSHumanReadableCopyright = "";
				LD_RUNPATH_SEARCH_PATHS = (
					"$(inherited)",
					"@executable_path/../Frameworks",
				);
				MARKETING_VERSION = 1.0;
				PRODUCT_BUNDLE_IDENTIFIER = com.activitytracker.app;
				PRODUCT_NAME = "$(TARGET_NAME)";
				SWIFT_EMIT_LOC_STRINGS = YES;
				SWIFT_VERSION = 5.0;
			};
			name = Release;
		};
		TB01 /* Debug */ = {
			isa = XCBuildConfiguration;
			buildSettings = {
				BUNDLE_LOADER = "$(TEST_HOST)";
				CODE_SIGN_STYLE = Automatic;
				CURRENT_PROJECT_VERSION = 1;
				GENERATE_INFOPLIST_FILE = YES;
				MACOSX_DEPLOYMENT_TARGET = 13.0;
				MARKETING_VERSION = 1.0;
				PRODUCT_BUNDLE_IDENTIFIER = com.activitytracker.tests;
				PRODUCT_NAME = "$(TARGET_NAME)";
				SWIFT_EMIT_LOC_STRINGS = NO;
				SWIFT_VERSION = 5.0;
				TEST_HOST = "$(BUILT_PRODUCTS_DIR)/ActivityTracker.app/$(BUNDLE_EXECUTABLE_FOLDER_PATH)/ActivityTracker";
			};
			name = Debug;
		};
		TB02 /* Release */ = {
			isa = XCBuildConfiguration;
			buildSettings = {
				BUNDLE_LOADER = "$(TEST_HOST)";
				CODE_SIGN_STYLE = Automatic;
				CURRENT_PROJECT_VERSION = 1;
				GENERATE_INFOPLIST_FILE = YES;
				MACOSX_DEPLOYMENT_TARGET = 13.0;
				MARKETING_VERSION = 1.0;
				PRODUCT_BUNDLE_IDENTIFIER = com.activitytracker.tests;
				PRODUCT_NAME = "$(TARGET_NAME)";
				SWIFT_EMIT_LOC_STRINGS = NO;
				SWIFT_VERSION = 5.0;
				TEST_HOST = "$(BUILT_PRODUCTS_DIR)/ActivityTracker.app/$(BUNDLE_EXECUTABLE_FOLDER_PATH)/ActivityTracker";
			};
			name = Release;
		};
/* End XCBuildConfiguration section */

/* Begin XCConfigurationList section */
		C01 /* Build configuration list for PBXNativeTarget "ActivityTracker" */ = {
			isa = XCConfigurationList;
			buildConfigurations = (
				B03 /* Debug */,
				B04 /* Release */,
			);
			defaultConfigurationIsVisible = 0;
			defaultConfigurationName = Release;
		};
		C02 /* Build configuration list for PBXProject "ActivityTracker" */ = {
			isa = XCConfigurationList;
			buildConfigurations = (
				B01 /* Debug */,
				B02 /* Release */,
			);
			defaultConfigurationIsVisible = 0;
			defaultConfigurationName = Release;
		};
		TC01 /* Build configuration list for PBXNativeTarget "ActivityTrackerTests" */ = {
			isa = XCConfigurationList;
			buildConfigurations = (
				TB01 /* Debug */,
				TB02 /* Release */,
			);
			defaultConfigurationIsVisible = 0;
			defaultConfigurationName = Release;
		};
/* End XCConfigurationList section */
	};
	rootObject = R01 /* Project object */;
}
